{
  "lockfile-version": 1,
  "manifest": {
    "schema-version": "1.10.0",
    "hook": {
      "on-activate": "  # Symlink repos from RogerNavelsaker based on pattern\n  # Current dir is the activated env dir in Repositories/\n  for r in ../RogerNavelsaker/forks; do\n    [ -d \"$r\" ] && ln -sf \"$r\" .\n  done\n"
    },
    "options": {}
  },
  "packages": []
}
